
Microsoft Visual Studio Solution File, Format Version 12.00
# Visual Studio Version 16
VisualStudioVersion = 16.0.30204.135
MinimumVisualStudioVersion = 10.0.40219.1
Project("{FAE04EC0-301F-11D3-BF4B-00C04F79EFBC}") = "00_VariablesAndValueTypes", "00_VariablesAndValueTypes\00_VariablesAndValueTypes.csproj", "{408F452E-C183-4EE7-95C4-2FA5E1D7E62D}"
EndProject
Project("{FAE04EC0-301F-11D3-BF4B-00C04F79EFBC}") = "01_ReferenceTypes", "01_ReferenceTypes\01_ReferenceTypes.csproj", "{9FDA8185-E034-4390-AC8F-F19F9C336C9C}"
EndProject
Project("{FAE04EC0-301F-11D3-BF4B-00C04F79EFBC}") = "02_Operators", "02_Operators\02_Operators.csproj", "{802712B6-E714-4C14-9D1F-3ADE41320052}"
EndProject
Project("{FAE04EC0-301F-11D3-BF4B-00C04F79EFBC}") = "03_If_Else_Statements", "03_If_Else_Statements\03_If_Else_Statements.csproj", "{E6114CCE-A999-4632-A9FA-B0DCE26FFFED}"
EndProject
Project("{FAE04EC0-301F-11D3-BF4B-00C04F79EFBC}") = "03_SwitchCase", "ConsoleApp1\03_SwitchCase.csproj", "{B5F081E2-7DE5-4A5B-8EA8-B9731C2F086D}"
EndProject
Project("{FAE04EC0-301F-11D3-BF4B-00C04F79EFBC}") = "03_Ternaries", "03_Ternaries\03_Ternaries.csproj", "{5B80E7A3-C2DE-4071-8955-120CB91B7A41}"
EndProject
Project("{FAE04EC0-301F-11D3-BF4B-00C04F79EFBC}") = "04_Loops", "04_Loops\04_Loops.csproj", "{5E298715-7330-469B-9837-360E88065279}"
EndProject
Project("{FAE04EC0-301F-11D3-BF4B-00C04F79EFBC}") = "05_Methods3", "05_Methods3\05_Methods3.csproj", "{D9B28CA2-1AD8-402D-A9C4-836028D34EC2}"
EndProject
Project("{FAE04EC0-301F-11D3-BF4B-00C04F79EFBC}") = "Challenges", "Challenges_June24\Challenges.csproj", "{35A3CB3F-12D2-4FD0-AC0E-BA24C5E5B681}"
EndProject
Project("{FAE04EC0-301F-11D3-BF4B-00C04F79EFBC}") = "06_Classes", "06_Classes\06_Classes.csproj", "{F0F9D64A-C7D0-4633-BDE5-D8DBCFFFDC08}"
EndProject
Project("{FAE04EC0-301F-11D3-BF4B-00C04F79EFBC}") = "07_RepositoryPattern_Tests", "07_RepositoryPattern_Tests\07_RepositoryPattern_Tests.csproj", "{031A7BBE-4199-45C4-BD09-BC2DB044AE19}"
EndProject
Project("{FAE04EC0-301F-11D3-BF4B-00C04F79EFBC}") = "07_RepositoryPattern_Repository", "07_RepositoryPattern_Repository\07_RepositoryPattern_Repository.csproj", "{6B09F7ED-62CA-432F-B445-EEAB77717154}"
EndProject
Global
	GlobalSection(SolutionConfigurationPlatforms) = preSolution
		Debug|Any CPU = Debug|Any CPU
		Release|Any CPU = Release|Any CPU
	EndGlobalSection
	GlobalSection(ProjectConfigurationPlatforms) = postSolution
		{408F452E-C183-4EE7-95C4-2FA5E1D7E62D}.Debug|Any CPU.ActiveCfg = Debug|Any CPU
		{408F452E-C183-4EE7-95C4-2FA5E1D7E62D}.Debug|Any CPU.Build.0 = Debug|Any CPU
		{408F452E-C183-4EE7-95C4-2FA5E1D7E62D}.Release|Any CPU.ActiveCfg = Release|Any CPU
		{408F452E-C183-4EE7-95C4-2FA5E1D7E62D}.Release|Any CPU.Build.0 = Release|Any CPU
		{9FDA8185-E034-4390-AC8F-F19F9C336C9C}.Debug|Any CPU.ActiveCfg = Debug|Any CPU
		{9FDA8185-E034-4390-AC8F-F19F9C336C9C}.Debug|Any CPU.Build.0 = Debug|Any CPU
		{9FDA8185-E034-4390-AC8F-F19F9C336C9C}.Release|Any CPU.ActiveCfg = Release|Any CPU
		{9FDA8185-E034-4390-AC8F-F19F9C336C9C}.Release|Any CPU.Build.0 = Release|Any CPU
		{802712B6-E714-4C14-9D1F-3ADE41320052}.Debug|Any CPU.ActiveCfg = Debug|Any CPU
		{802712B6-E714-4C14-9D1F-3ADE41320052}.Debug|Any CPU.Build.0 = Debug|Any CPU
		{802712B6-E714-4C14-9D1F-3ADE41320052}.Release|Any CPU.ActiveCfg = Release|Any CPU
		{802712B6-E714-4C14-9D1F-3ADE41320052}.Release|Any CPU.Build.0 = Release|Any CPU
		{E6114CCE-A999-4632-A9FA-B0DCE26FFFED}.Debug|Any CPU.ActiveCfg = Debug|Any CPU
		{E6114CCE-A999-4632-A9FA-B0DCE26FFFED}.Debug|Any CPU.Build.0 = Debug|Any CPU
		{E6114CCE-A999-4632-A9FA-B0DCE26FFFED}.Release|Any CPU.ActiveCfg = Release|Any CPU
		{E6114CCE-A999-4632-A9FA-B0DCE26FFFED}.Release|Any CPU.Build.0 = Release|Any CPU
		{B5F081E2-7DE5-4A5B-8EA8-B9731C2F086D}.Debug|Any CPU.ActiveCfg = Debug|Any CPU
		{B5F081E2-7DE5-4A5B-8EA8-B9731C2F086D}.Debug|Any CPU.Build.0 = Debug|Any CPU
		{B5F081E2-7DE5-4A5B-8EA8-B9731C2F086D}.Release|Any CPU.ActiveCfg = Release|Any CPU
		{B5F081E2-7DE5-4A5B-8EA8-B9731C2F086D}.Release|Any CPU.Build.0 = Release|Any CPU
		{5B80E7A3-C2DE-4071-8955-120CB91B7A41}.Debug|Any CPU.ActiveCfg = Debug|Any CPU
		{5B80E7A3-C2DE-4071-8955-120CB91B7A41}.Debug|Any CPU.Build.0 = Debug|Any CPU
		{5B80E7A3-C2DE-4071-8955-120CB91B7A41}.Release|Any CPU.ActiveCfg = Release|Any CPU
		{5B80E7A3-C2DE-4071-8955-120CB91B7A41}.Release|Any CPU.Build.0 = Release|Any CPU
		{5E298715-7330-469B-9837-360E88065279}.Debug|Any CPU.ActiveCfg = Debug|Any CPU
		{5E298715-7330-469B-9837-360E88065279}.Debug|Any CPU.Build.0 = Debug|Any CPU
		{5E298715-7330-469B-9837-360E88065279}.Release|Any CPU.ActiveCfg = Release|Any CPU
		{5E298715-7330-469B-9837-360E88065279}.Release|Any CPU.Build.0 = Release|Any CPU
		{D9B28CA2-1AD8-402D-A9C4-836028D34EC2}.Debug|Any CPU.ActiveCfg = Debug|Any CPU
		{D9B28CA2-1AD8-402D-A9C4-836028D34EC2}.Debug|Any CPU.Build.0 = Debug|Any CPU
		{D9B28CA2-1AD8-402D-A9C4-836028D34EC2}.Release|Any CPU.ActiveCfg = Release|Any CPU
		{D9B28CA2-1AD8-402D-A9C4-836028D34EC2}.Release|Any CPU.Build.0 = Release|Any CPU
		{35A3CB3F-12D2-4FD0-AC0E-BA24C5E5B681}.Debug|Any CPU.ActiveCfg = Debug|Any CPU
		{35A3CB3F-12D2-4FD0-AC0E-BA24C5E5B681}.Debug|Any CPU.Build.0 = Debug|Any CPU
		{35A3CB3F-12D2-4FD0-AC0E-BA24C5E5B681}.Release|Any CPU.ActiveCfg = Release|Any CPU
		{35A3CB3F-12D2-4FD0-AC0E-BA24C5E5B681}.Release|Any CPU.Build.0 = Release|Any CPU
		{F0F9D64A-C7D0-4633-BDE5-D8DBCFFFDC08}.Debug|Any CPU.ActiveCfg = Debug|Any CPU
		{F0F9D64A-C7D0-4633-BDE5-D8DBCFFFDC08}.Debug|Any CPU.Build.0 = Debug|Any CPU
		{F0F9D64A-C7D0-4633-BDE5-D8DBCFFFDC08}.Release|Any CPU.ActiveCfg = Release|Any CPU
		{F0F9D64A-C7D0-4633-BDE5-D8DBCFFFDC08}.Release|Any CPU.Build.0 = Release|Any CPU
		{031A7BBE-4199-45C4-BD09-BC2DB044AE19}.Debug|Any CPU.ActiveCfg = Debug|Any CPU
		{031A7BBE-4199-45C4-BD09-BC2DB044AE19}.Debug|Any CPU.Build.0 = Debug|Any CPU
		{031A7BBE-4199-45C4-BD09-BC2DB044AE19}.Release|Any CPU.ActiveCfg = Release|Any CPU
		{031A7BBE-4199-45C4-BD09-BC2DB044AE19}.Release|Any CPU.Build.0 = Release|Any CPU
		{6B09F7ED-62CA-432F-B445-EEAB77717154}.Debug|Any CPU.ActiveCfg = Debug|Any CPU
		{6B09F7ED-62CA-432F-B445-EEAB77717154}.Debug|Any CPU.Build.0 = Debug|Any CPU
		{6B09F7ED-62CA-432F-B445-EEAB77717154}.Release|Any CPU.ActiveCfg = Release|Any CPU
		{6B09F7ED-62CA-432F-B445-EEAB77717154}.Release|Any CPU.Build.0 = Release|Any CPU
	EndGlobalSection
	GlobalSection(SolutionProperties) = preSolution
		HideSolutionNode = FALSE
	EndGlobalSection
	GlobalSection(ExtensibilityGlobals) = postSolution
		SolutionGuid = {02D8E849-4DCB-423C-813E-15C1BB8A8CF3}
	EndGlobalSection
EndGlobal
