
Microsoft Visual Studio Solution File, Format Version 12.00
# Visual Studio Version 16
VisualStudioVersion = 16.0.30204.135
MinimumVisualStudioVersion = 10.0.40219.1
Project("{FAE04EC0-301F-11D3-BF4B-00C04F79EFBC}") = "00_VariablesAndValueTypes", "00_VariablesAndValueTypes\00_VariablesAndValueTypes.csproj", "{408F452E-C183-4EE7-95C4-2FA5E1D7E62D}"
EndProject
Project("{FAE04EC0-301F-11D3-BF4B-00C04F79EFBC}") = "01_ReferenceTypes", "01_ReferenceTypes\01_ReferenceTypes.csproj", "{9FDA8185-E034-4390-AC8F-F19F9C336C9C}"
EndProject
Project("{FAE04EC0-301F-11D3-BF4B-00C04F79EFBC}") = "0_personal_notes", "000_personal_notes\0_personal_notes.csproj", "{1EFB7677-5213-4C2C-9244-D06E11CC2C30}"
EndProject
Project("{FAE04EC0-301F-11D3-BF4B-00C04F79EFBC}") = "02_Operators", "02_Operators\02_Operators.csproj", "{802712B6-E714-4C14-9D1F-3ADE41320052}"
EndProject
Project("{FAE04EC0-301F-11D3-BF4B-00C04F79EFBC}") = "03_If_Else_Statements", "03_If_Else_Statements\03_If_Else_Statements.csproj", "{E6114CCE-A999-4632-A9FA-B0DCE26FFFED}"
EndProject
Global
	GlobalSection(SolutionConfigurationPlatforms) = preSolution
		Debug|Any CPU = Debug|Any CPU
		Release|Any CPU = Release|Any CPU
	EndGlobalSection
	GlobalSection(ProjectConfigurationPlatforms) = postSolution
		{408F452E-C183-4EE7-95C4-2FA5E1D7E62D}.Debug|Any CPU.ActiveCfg = Debug|Any CPU
		{408F452E-C183-4EE7-95C4-2FA5E1D7E62D}.Debug|Any CPU.Build.0 = Debug|Any CPU
		{408F452E-C183-4EE7-95C4-2FA5E1D7E62D}.Release|Any CPU.ActiveCfg = Release|Any CPU
		{408F452E-C183-4EE7-95C4-2FA5E1D7E62D}.Release|Any CPU.Build.0 = Release|Any CPU
		{9FDA8185-E034-4390-AC8F-F19F9C336C9C}.Debug|Any CPU.ActiveCfg = Debug|Any CPU
		{9FDA8185-E034-4390-AC8F-F19F9C336C9C}.Debug|Any CPU.Build.0 = Debug|Any CPU
		{9FDA8185-E034-4390-AC8F-F19F9C336C9C}.Release|Any CPU.ActiveCfg = Release|Any CPU
		{9FDA8185-E034-4390-AC8F-F19F9C336C9C}.Release|Any CPU.Build.0 = Release|Any CPU
		{1EFB7677-5213-4C2C-9244-D06E11CC2C30}.Debug|Any CPU.ActiveCfg = Debug|Any CPU
		{1EFB7677-5213-4C2C-9244-D06E11CC2C30}.Debug|Any CPU.Build.0 = Debug|Any CPU
		{1EFB7677-5213-4C2C-9244-D06E11CC2C30}.Release|Any CPU.ActiveCfg = Release|Any CPU
		{1EFB7677-5213-4C2C-9244-D06E11CC2C30}.Release|Any CPU.Build.0 = Release|Any CPU
		{802712B6-E714-4C14-9D1F-3ADE41320052}.Debug|Any CPU.ActiveCfg = Debug|Any CPU
		{802712B6-E714-4C14-9D1F-3ADE41320052}.Debug|Any CPU.Build.0 = Debug|Any CPU
		{802712B6-E714-4C14-9D1F-3ADE41320052}.Release|Any CPU.ActiveCfg = Release|Any CPU
		{802712B6-E714-4C14-9D1F-3ADE41320052}.Release|Any CPU.Build.0 = Release|Any CPU
		{E6114CCE-A999-4632-A9FA-B0DCE26FFFED}.Debug|Any CPU.ActiveCfg = Debug|Any CPU
		{E6114CCE-A999-4632-A9FA-B0DCE26FFFED}.Debug|Any CPU.Build.0 = Debug|Any CPU
		{E6114CCE-A999-4632-A9FA-B0DCE26FFFED}.Release|Any CPU.ActiveCfg = Release|Any CPU
		{E6114CCE-A999-4632-A9FA-B0DCE26FFFED}.Release|Any CPU.Build.0 = Release|Any CPU
	EndGlobalSection
	GlobalSection(SolutionProperties) = preSolution
		HideSolutionNode = FALSE
	EndGlobalSection
	GlobalSection(ExtensibilityGlobals) = postSolution
		SolutionGuid = {02D8E849-4DCB-423C-813E-15C1BB8A8CF3}
	EndGlobalSection
EndGlobal
